// !$*UTF8*$!
{
	archiveVersion = 1;
	classes = {
	};
	objectVersion = 48;
	objects = {

/* Begin PBXBuildFile section */
		A13345F51FCBFE69004A3C8E /* AuthService.swift in Sources */ = {isa = PBXBuildFile; fileRef = A13345F41FCBFE69004A3C8E /* AuthService.swift */; };
		A13345F71FCC1E4E004A3C8E /* DataService.swift in Sources */ = {isa = PBXBuildFile; fileRef = A13345F61FCC1E4E004A3C8E /* DataService.swift */; };
		A13345F91FCC2DB7004A3C8E /* AvatarPickerVC.swift in Sources */ = {isa = PBXBuildFile; fileRef = A13345F81FCC2DB7004A3C8E /* AvatarPickerVC.swift */; };
		A13345FB1FCC3097004A3C8E /* AvatarCell.swift in Sources */ = {isa = PBXBuildFile; fileRef = A13345FA1FCC3097004A3C8E /* AvatarCell.swift */; };
		A13345FD1FCC346A004A3C8E /* AvatarType.swift in Sources */ = {isa = PBXBuildFile; fileRef = A13345FC1FCC346A004A3C8E /* AvatarType.swift */; };
		A13345FF1FCC4157004A3C8E /* CircleImage.swift in Sources */ = {isa = PBXBuildFile; fileRef = A13345FE1FCC4157004A3C8E /* CircleImage.swift */; };
		A167411B1FCAADAB003B62D1 /* AppDelegate.swift in Sources */ = {isa = PBXBuildFile; fileRef = A167411A1FCAADAB003B62D1 /* AppDelegate.swift */; };
		A16741201FCAADAB003B62D1 /* Main.storyboard in Resources */ = {isa = PBXBuildFile; fileRef = A167411E1FCAADAB003B62D1 /* Main.storyboard */; };
		A16741221FCAADAB003B62D1 /* Assets.xcassets in Resources */ = {isa = PBXBuildFile; fileRef = A16741211FCAADAB003B62D1 /* Assets.xcassets */; };
		A16741251FCAADAB003B62D1 /* LaunchScreen.storyboard in Resources */ = {isa = PBXBuildFile; fileRef = A16741231FCAADAB003B62D1 /* LaunchScreen.storyboard */; };
		A16741301FCAAEC1003B62D1 /* SWRevealViewController.m in Sources */ = {isa = PBXBuildFile; fileRef = A167412F1FCAAEC1003B62D1 /* SWRevealViewController.m */; };
		A16741341FCAB043003B62D1 /* ChatVC.swift in Sources */ = {isa = PBXBuildFile; fileRef = A16741331FCAB043003B62D1 /* ChatVC.swift */; };
		A16741361FCAB050003B62D1 /* ChannelVC.swift in Sources */ = {isa = PBXBuildFile; fileRef = A16741351FCAB050003B62D1 /* ChannelVC.swift */; };
		A1E791DD1FCAEE1100E560CD /* GradientView.swift in Sources */ = {isa = PBXBuildFile; fileRef = A1E791DC1FCAEE1100E560CD /* GradientView.swift */; };
		A1E791E01FCAF95200E560CD /* Constants.swift in Sources */ = {isa = PBXBuildFile; fileRef = A1E791DF1FCAF95200E560CD /* Constants.swift */; };
		A1E791E41FCB02D800E560CD /* LoginVC.swift in Sources */ = {isa = PBXBuildFile; fileRef = A1E791E31FCB02D800E560CD /* LoginVC.swift */; };
		A1E791E61FCB057800E560CD /* SignupVC.swift in Sources */ = {isa = PBXBuildFile; fileRef = A1E791E51FCB057800E560CD /* SignupVC.swift */; };
		CADBDC228CA1FB94D3CDB04D /* Pods_Smack.framework in Frameworks */ = {isa = PBXBuildFile; fileRef = F4BDE41AD6A56C8756CB358D /* Pods_Smack.framework */; };
/* End PBXBuildFile section */

/* Begin PBXFileReference section */
		38B6A167F4D51C2F2F0FBA76 /* Pods-Smack.release.xcconfig */ = {isa = PBXFileReference; includeInIndex = 1; lastKnownFileType = text.xcconfig; name = "Pods-Smack.release.xcconfig"; path = "Pods/Target Support Files/Pods-Smack/Pods-Smack.release.xcconfig"; sourceTree = "<group>"; };
		86912A8710B7A6EE74D3CFA8 /* Pods-Smack.debug.xcconfig */ = {isa = PBXFileReference; includeInIndex = 1; lastKnownFileType = text.xcconfig; name = "Pods-Smack.debug.xcconfig"; path = "Pods/Target Support Files/Pods-Smack/Pods-Smack.debug.xcconfig"; sourceTree = "<group>"; };
		A13345F41FCBFE69004A3C8E /* AuthService.swift */ = {isa = PBXFileReference; lastKnownFileType = sourcecode.swift; path = AuthService.swift; sourceTree = "<group>"; };
		A13345F61FCC1E4E004A3C8E /* DataService.swift */ = {isa = PBXFileReference; lastKnownFileType = sourcecode.swift; path = DataService.swift; sourceTree = "<group>"; };
		A13345F81FCC2DB7004A3C8E /* AvatarPickerVC.swift */ = {isa = PBXFileReference; lastKnownFileType = sourcecode.swift; path = AvatarPickerVC.swift; sourceTree = "<group>"; };
		A13345FA1FCC3097004A3C8E /* AvatarCell.swift */ = {isa = PBXFileReference; lastKnownFileType = sourcecode.swift; path = AvatarCell.swift; sourceTree = "<group>"; };
		A13345FC1FCC346A004A3C8E /* AvatarType.swift */ = {isa = PBXFileReference; lastKnownFileType = sourcecode.swift; path = AvatarType.swift; sourceTree = "<group>"; };
		A13345FE1FCC4157004A3C8E /* CircleImage.swift */ = {isa = PBXFileReference; lastKnownFileType = sourcecode.swift; path = CircleImage.swift; sourceTree = "<group>"; };
		A16741171FCAADAB003B62D1 /* Smack.app */ = {isa = PBXFileReference; explicitFileType = wrapper.application; includeInIndex = 0; path = Smack.app; sourceTree = BUILT_PRODUCTS_DIR; };
		A167411A1FCAADAB003B62D1 /* AppDelegate.swift */ = {isa = PBXFileReference; lastKnownFileType = sourcecode.swift; path = AppDelegate.swift; sourceTree = "<group>"; };
		A167411F1FCAADAB003B62D1 /* Base */ = {isa = PBXFileReference; lastKnownFileType = file.storyboard; name = Base; path = Base.lproj/Main.storyboard; sourceTree = "<group>"; };
		A16741211FCAADAB003B62D1 /* Assets.xcassets */ = {isa = PBXFileReference; lastKnownFileType = folder.assetcatalog; path = Assets.xcassets; sourceTree = "<group>"; };
		A16741241FCAADAB003B62D1 /* Base */ = {isa = PBXFileReference; lastKnownFileType = file.storyboard; name = Base; path = Base.lproj/LaunchScreen.storyboard; sourceTree = "<group>"; };
		A16741261FCAADAB003B62D1 /* Info.plist */ = {isa = PBXFileReference; lastKnownFileType = text.plist.xml; path = Info.plist; sourceTree = "<group>"; };
		A167412D1FCAAEC0003B62D1 /* Smack-Bridging-Header.h */ = {isa = PBXFileReference; lastKnownFileType = sourcecode.c.h; path = "Smack-Bridging-Header.h"; sourceTree = "<group>"; };
		A167412E1FCAAEC1003B62D1 /* SWRevealViewController.h */ = {isa = PBXFileReference; fileEncoding = 4; lastKnownFileType = sourcecode.c.h; path = SWRevealViewController.h; sourceTree = "<group>"; };
		A167412F1FCAAEC1003B62D1 /* SWRevealViewController.m */ = {isa = PBXFileReference; fileEncoding = 4; lastKnownFileType = sourcecode.c.objc; path = SWRevealViewController.m; sourceTree = "<group>"; };
		A16741331FCAB043003B62D1 /* ChatVC.swift */ = {isa = PBXFileReference; lastKnownFileType = sourcecode.swift; path = ChatVC.swift; sourceTree = "<group>"; };
		A16741351FCAB050003B62D1 /* ChannelVC.swift */ = {isa = PBXFileReference; lastKnownFileType = sourcecode.swift; path = ChannelVC.swift; sourceTree = "<group>"; };
		A1E791DC1FCAEE1100E560CD /* GradientView.swift */ = {isa = PBXFileReference; lastKnownFileType = sourcecode.swift; path = GradientView.swift; sourceTree = "<group>"; };
		A1E791DF1FCAF95200E560CD /* Constants.swift */ = {isa = PBXFileReference; lastKnownFileType = sourcecode.swift; path = Constants.swift; sourceTree = "<group>"; };
		A1E791E31FCB02D800E560CD /* LoginVC.swift */ = {isa = PBXFileReference; lastKnownFileType = sourcecode.swift; path = LoginVC.swift; sourceTree = "<group>"; };
		A1E791E51FCB057800E560CD /* SignupVC.swift */ = {isa = PBXFileReference; lastKnownFileType = sourcecode.swift; path = SignupVC.swift; sourceTree = "<group>"; };
		F4BDE41AD6A56C8756CB358D /* Pods_Smack.framework */ = {isa = PBXFileReference; explicitFileType = wrapper.framework; includeInIndex = 0; path = Pods_Smack.framework; sourceTree = BUILT_PRODUCTS_DIR; };
/* End PBXFileReference section */

/* Begin PBXFrameworksBuildPhase section */
		A16741141FCAADAB003B62D1 /* Frameworks */ = {
			isa = PBXFrameworksBuildPhase;
			buildActionMask = 2147483647;
			files = (
				CADBDC228CA1FB94D3CDB04D /* Pods_Smack.framework in Frameworks */,
			);
			runOnlyForDeploymentPostprocessing = 0;
		};
/* End PBXFrameworksBuildPhase section */

/* Begin PBXGroup section */
		5584CF7E01A9E5B16A365DFF /* Pods */ = {
			isa = PBXGroup;
			children = (
				86912A8710B7A6EE74D3CFA8 /* Pods-Smack.debug.xcconfig */,
				38B6A167F4D51C2F2F0FBA76 /* Pods-Smack.release.xcconfig */,
			);
			name = Pods;
			sourceTree = "<group>";
		};
		A13345F31FCBFE53004A3C8E /* Services */ = {
			isa = PBXGroup;
			children = (
				A13345F41FCBFE69004A3C8E /* AuthService.swift */,
				A13345F61FCC1E4E004A3C8E /* DataService.swift */,
			);
			path = Services;
			sourceTree = "<group>";
		};
		A167410E1FCAADAB003B62D1 = {
			isa = PBXGroup;
			children = (
				A16741191FCAADAB003B62D1 /* Smack */,
				A16741181FCAADAB003B62D1 /* Products */,
				5584CF7E01A9E5B16A365DFF /* Pods */,
				A6C620405524BD373D7233C6 /* Frameworks */,
			);
			sourceTree = "<group>";
		};
		A16741181FCAADAB003B62D1 /* Products */ = {
			isa = PBXGroup;
			children = (
				A16741171FCAADAB003B62D1 /* Smack.app */,
			);
			name = Products;
			sourceTree = "<group>";
		};
		A16741191FCAADAB003B62D1 /* Smack */ = {
			isa = PBXGroup;
			children = (
				A13345F31FCBFE53004A3C8E /* Services */,
				A1E791DE1FCAF94000E560CD /* Utils */,
				A1E791DB1FCAEDED00E560CD /* View */,
				A16741321FCAB02B003B62D1 /* Model */,
				A16741311FCAB024003B62D1 /* Controller */,
				A167412C1FCAAEA6003B62D1 /* Supporting Files */,
				A167411A1FCAADAB003B62D1 /* AppDelegate.swift */,
				A167411E1FCAADAB003B62D1 /* Main.storyboard */,
				A16741211FCAADAB003B62D1 /* Assets.xcassets */,
				A16741231FCAADAB003B62D1 /* LaunchScreen.storyboard */,
				A16741261FCAADAB003B62D1 /* Info.plist */,
			);
			path = Smack;
			sourceTree = "<group>";
		};
		A167412C1FCAAEA6003B62D1 /* Supporting Files */ = {
			isa = PBXGroup;
			children = (
				A167412E1FCAAEC1003B62D1 /* SWRevealViewController.h */,
				A167412F1FCAAEC1003B62D1 /* SWRevealViewController.m */,
				A167412D1FCAAEC0003B62D1 /* Smack-Bridging-Header.h */,
			);
			path = "Supporting Files";
			sourceTree = "<group>";
		};
		A16741311FCAB024003B62D1 /* Controller */ = {
			isa = PBXGroup;
			children = (
				A16741331FCAB043003B62D1 /* ChatVC.swift */,
				A16741351FCAB050003B62D1 /* ChannelVC.swift */,
				A1E791E31FCB02D800E560CD /* LoginVC.swift */,
				A1E791E51FCB057800E560CD /* SignupVC.swift */,
				A13345F81FCC2DB7004A3C8E /* AvatarPickerVC.swift */,
			);
			path = Controller;
			sourceTree = "<group>";
		};
		A16741321FCAB02B003B62D1 /* Model */ = {
			isa = PBXGroup;
			children = (
				A13345FC1FCC346A004A3C8E /* AvatarType.swift */,
			);
			path = Model;
			sourceTree = "<group>";
		};
		A1E791DB1FCAEDED00E560CD /* View */ = {
			isa = PBXGroup;
			children = (
				A1E791DC1FCAEE1100E560CD /* GradientView.swift */,
				A13345FA1FCC3097004A3C8E /* AvatarCell.swift */,
				A13345FE1FCC4157004A3C8E /* CircleImage.swift */,
			);
			path = View;
			sourceTree = "<group>";
		};
		A1E791DE1FCAF94000E560CD /* Utils */ = {
			isa = PBXGroup;
			children = (
				A1E791DF1FCAF95200E560CD /* Constants.swift */,
			);
			path = Utils;
			sourceTree = "<group>";
		};
		A6C620405524BD373D7233C6 /* Frameworks */ = {
			isa = PBXGroup;
			children = (
				F4BDE41AD6A56C8756CB358D /* Pods_Smack.framework */,
			);
			name = Frameworks;
			sourceTree = "<group>";
		};
/* End PBXGroup section */

/* Begin PBXNativeTarget section */
		A16741161FCAADAB003B62D1 /* Smack */ = {
			isa = PBXNativeTarget;
			buildConfigurationList = A16741291FCAADAB003B62D1 /* Build configuration list for PBXNativeTarget "Smack" */;
			buildPhases = (
				4389084A02907B38CBEC230E /* [CP] Check Pods Manifest.lock */,
				A16741131FCAADAB003B62D1 /* Sources */,
				A16741141FCAADAB003B62D1 /* Frameworks */,
				A16741151FCAADAB003B62D1 /* Resources */,
				7E2B00BFE1ACFD7754C596D5 /* [CP] Embed Pods Frameworks */,
				FAEA869CA0AD969A0C6CDC90 /* [CP] Copy Pods Resources */,
			);
			buildRules = (
			);
			dependencies = (
			);
			name = Smack;
			productName = Smack;
			productReference = A16741171FCAADAB003B62D1 /* Smack.app */;
			productType = "com.apple.product-type.application";
		};
/* End PBXNativeTarget section */

/* Begin PBXProject section */
		A167410F1FCAADAB003B62D1 /* Project object */ = {
			isa = PBXProject;
			attributes = {
				LastSwiftUpdateCheck = 0910;
				LastUpgradeCheck = 0910;
				ORGANIZATIONNAME = Rana;
				TargetAttributes = {
					A16741161FCAADAB003B62D1 = {
						CreatedOnToolsVersion = 9.1;
						LastSwiftMigration = 0910;
						ProvisioningStyle = Automatic;
					};
				};
			};
			buildConfigurationList = A16741121FCAADAB003B62D1 /* Build configuration list for PBXProject "Smack" */;
			compatibilityVersion = "Xcode 8.0";
			developmentRegion = en;
			hasScannedForEncodings = 0;
			knownRegions = (
				en,
				Base,
			);
			mainGroup = A167410E1FCAADAB003B62D1;
			productRefGroup = A16741181FCAADAB003B62D1 /* Products */;
			projectDirPath = "";
			projectRoot = "";
			targets = (
				A16741161FCAADAB003B62D1 /* Smack */,
			);
		};
/* End PBXProject section */

/* Begin PBXResourcesBuildPhase section */
		A16741151FCAADAB003B62D1 /* Resources */ = {
			isa = PBXResourcesBuildPhase;
			buildActionMask = 2147483647;
			files = (
				A16741251FCAADAB003B62D1 /* LaunchScreen.storyboard in Resources */,
				A16741221FCAADAB003B62D1 /* Assets.xcassets in Resources */,
				A16741201FCAADAB003B62D1 /* Main.storyboard in Resources */,
			);
			runOnlyForDeploymentPostprocessing = 0;
		};
/* End PBXResourcesBuildPhase section */

/* Begin PBXShellScriptBuildPhase section */
		4389084A02907B38CBEC230E /* [CP] Check Pods Manifest.lock */ = {
			isa = PBXShellScriptBuildPhase;
			buildActionMask = 2147483647;
			files = (
			);
			inputPaths = (
			);
			name = "[CP] Check Pods Manifest.lock";
			outputPaths = (
			);
			runOnlyForDeploymentPostprocessing = 0;
			shellPath = /bin/sh;
			shellScript = "diff \"${PODS_ROOT}/../Podfile.lock\" \"${PODS_ROOT}/Manifest.lock\" > /dev/null\nif [ $? != 0 ] ; then\n    # print error to STDERR\n    echo \"error: The sandbox is not in sync with the Podfile.lock. Run 'pod install' or update your CocoaPods installation.\" >&2\n    exit 1\nfi\n";
			showEnvVarsInLog = 0;
		};
		7E2B00BFE1ACFD7754C596D5 /* [CP] Embed Pods Frameworks */ = {
			isa = PBXShellScriptBuildPhase;
			buildActionMask = 2147483647;
			files = (
			);
			inputPaths = (
			);
			name = "[CP] Embed Pods Frameworks";
			outputPaths = (
			);
			runOnlyForDeploymentPostprocessing = 0;
			shellPath = /bin/sh;
			shellScript = "\"${SRCROOT}/Pods/Target Support Files/Pods-Smack/Pods-Smack-frameworks.sh\"\n";
			showEnvVarsInLog = 0;
		};
		FAEA869CA0AD969A0C6CDC90 /* [CP] Copy Pods Resources */ = {
			isa = PBXShellScriptBuildPhase;
			buildActionMask = 2147483647;
			files = (
			);
			inputPaths = (
			);
			name = "[CP] Copy Pods Resources";
			outputPaths = (
			);
			runOnlyForDeploymentPostprocessing = 0;
			shellPath = /bin/sh;
			shellScript = "\"${SRCROOT}/Pods/Target Support Files/Pods-Smack/Pods-Smack-resources.sh\"\n";
			showEnvVarsInLog = 0;
		};
/* End PBXShellScriptBuildPhase section */

/* Begin PBXSourcesBuildPhase section */
		A16741131FCAADAB003B62D1 /* Sources */ = {
			isa = PBXSourcesBuildPhase;
			buildActionMask = 2147483647;
			files = (
				A1E791E61FCB057800E560CD /* SignupVC.swift in Sources */,
				A16741361FCAB050003B62D1 /* ChannelVC.swift in Sources */,
				A13345F91FCC2DB7004A3C8E /* AvatarPickerVC.swift in Sources */,
				A13345FF1FCC4157004A3C8E /* CircleImage.swift in Sources */,
				A16741341FCAB043003B62D1 /* ChatVC.swift in Sources */,
				A13345F51FCBFE69004A3C8E /* AuthService.swift in Sources */,
				A1E791E41FCB02D800E560CD /* LoginVC.swift in Sources */,
				A1E791DD1FCAEE1100E560CD /* GradientView.swift in Sources */,
				A167411B1FCAADAB003B62D1 /* AppDelegate.swift in Sources */,
				A16741301FCAAEC1003B62D1 /* SWRevealViewController.m in Sources */,
				A13345FD1FCC346A004A3C8E /* AvatarType.swift in Sources */,
				A1E791E01FCAF95200E560CD /* Constants.swift in Sources */,
				A13345FB1FCC3097004A3C8E /* AvatarCell.swift in Sources */,
				A13345F71FCC1E4E004A3C8E /* DataService.swift in Sources */,
			);
			runOnlyForDeploymentPostprocessing = 0;
		};
/* End PBXSourcesBuildPhase section */

/* Begin PBXVariantGroup section */
		A167411E1FCAADAB003B62D1 /* Main.storyboard */ = {
			isa = PBXVariantGroup;
			children = (
				A167411F1FCAADAB003B62D1 /* Base */,
			);
			name = Main.storyboard;
			sourceTree = "<group>";
		};
		A16741231FCAADAB003B62D1 /* LaunchScreen.storyboard */ = {
			isa = PBXVariantGroup;
			children = (
				A16741241FCAADAB003B62D1 /* Base */,
			);
			name = LaunchScreen.storyboard;
			sourceTree = "<group>";
		};
/* End PBXVariantGroup section */

/* Begin XCBuildConfiguration section */
		A16741271FCAADAB003B62D1 /* Debug */ = {
			isa = XCBuildConfiguration;
			buildSettings = {
				ALWAYS_SEARCH_USER_PATHS = NO;
				CLANG_ANALYZER_NONNULL = YES;
				CLANG_ANALYZER_NUMBER_OBJECT_CONVERSION = YES_AGGRESSIVE;
				CLANG_CXX_LANGUAGE_STANDARD = "gnu++14";
				CLANG_CXX_LIBRARY = "libc++";
				CLANG_ENABLE_MODULES = YES;
				CLANG_ENABLE_OBJC_ARC = YES;
				CLANG_WARN_BLOCK_CAPTURE_AUTORELEASING = YES;
				CLANG_WARN_BOOL_CONVERSION = YES;
				CLANG_WARN_COMMA = YES;
				CLANG_WARN_CONSTANT_CONVERSION = YES;
				CLANG_WARN_DIRECT_OBJC_ISA_USAGE = YES_ERROR;
				CLANG_WARN_DOCUMENTATION_COMMENTS = YES;
				CLANG_WARN_EMPTY_BODY = YES;
				CLANG_WARN_ENUM_CONVERSION = YES;
				CLANG_WARN_INFINITE_RECURSION = YES;
				CLANG_WARN_INT_CONVERSION = YES;
				CLANG_WARN_NON_LITERAL_NULL_CONVERSION = YES;
				CLANG_WARN_OBJC_LITERAL_CONVERSION = YES;
				CLANG_WARN_OBJC_ROOT_CLASS = YES_ERROR;
				CLANG_WARN_RANGE_LOOP_ANALYSIS = YES;
				CLANG_WARN_STRICT_PROTOTYPES = YES;
				CLANG_WARN_SUSPICIOUS_MOVE = YES;
				CLANG_WARN_UNGUARDED_AVAILABILITY = YES_AGGRESSIVE;
				CLANG_WARN_UNREACHABLE_CODE = YES;
				CLANG_WARN__DUPLICATE_METHOD_MATCH = YES;
				CODE_SIGN_IDENTITY = "iPhone Developer";
				COPY_PHASE_STRIP = NO;
				DEBUG_INFORMATION_FORMAT = dwarf;
				ENABLE_STRICT_OBJC_MSGSEND = YES;
				ENABLE_TESTABILITY = YES;
				GCC_C_LANGUAGE_STANDARD = gnu11;
				GCC_DYNAMIC_NO_PIC = NO;
				GCC_NO_COMMON_BLOCKS = YES;
				GCC_OPTIMIZATION_LEVEL = 0;
				GCC_PREPROCESSOR_DEFINITIONS = (
					"DEBUG=1",
					"$(inherited)",
				);
				GCC_WARN_64_TO_32_BIT_CONVERSION = YES;
				GCC_WARN_ABOUT_RETURN_TYPE = YES_ERROR;
				GCC_WARN_UNDECLARED_SELECTOR = YES;
				GCC_WARN_UNINITIALIZED_AUTOS = YES_AGGRESSIVE;
				GCC_WARN_UNUSED_FUNCTION = YES;
				GCC_WARN_UNUSED_VARIABLE = YES;
				IPHONEOS_DEPLOYMENT_TARGET = 11.1;
				MTL_ENABLE_DEBUG_INFO = YES;
				ONLY_ACTIVE_ARCH = YES;
				SDKROOT = iphoneos;
				SWIFT_ACTIVE_COMPILATION_CONDITIONS = DEBUG;
				SWIFT_OPTIMIZATION_LEVEL = "-Onone";
			};
			name = Debug;
		};
		A16741281FCAADAB003B62D1 /* Release */ = {
			isa = XCBuildConfiguration;
			buildSettings = {
				ALWAYS_SEARCH_USER_PATHS = NO;
				CLANG_ANALYZER_NONNULL = YES;
				CLANG_ANALYZER_NUMBER_OBJECT_CONVERSION = YES_AGGRESSIVE;
				CLANG_CXX_LANGUAGE_STANDARD = "gnu++14";
				CLANG_CXX_LIBRARY = "libc++";
				CLANG_ENABLE_MODULES = YES;
				CLANG_ENABLE_OBJC_ARC = YES;
				CLANG_WARN_BLOCK_CAPTURE_AUTORELEASING = YES;
				CLANG_WARN_BOOL_CONVERSION = YES;
				CLANG_WARN_COMMA = YES;
				CLANG_WARN_CONSTANT_CONVERSION = YES;
				CLANG_WARN_DIRECT_OBJC_ISA_USAGE = YES_ERROR;
				CLANG_WARN_DOCUMENTATION_COMMENTS = YES;
				CLANG_WARN_EMPTY_BODY = YES;
				CLANG_WARN_ENUM_CONVERSION = YES;
				CLANG_WARN_INFINITE_RECURSION = YES;
				CLANG_WARN_INT_CONVERSION = YES;
				CLANG_WARN_NON_LITERAL_NULL_CONVERSION = YES;
				CLANG_WARN_OBJC_LITERAL_CONVERSION = YES;
				CLANG_WARN_OBJC_ROOT_CLASS = YES_ERROR;
				CLANG_WARN_RANGE_LOOP_ANALYSIS = YES;
				CLANG_WARN_STRICT_PROTOTYPES = YES;
				CLANG_WARN_SUSPICIOUS_MOVE = YES;
				CLANG_WARN_UNGUARDED_AVAILABILITY = YES_AGGRESSIVE;
				CLANG_WARN_UNREACHABLE_CODE = YES;
				CLANG_WARN__DUPLICATE_METHOD_MATCH = YES;
				CODE_SIGN_IDENTITY = "iPhone Developer";
				COPY_PHASE_STRIP = NO;
				DEBUG_INFORMATION_FORMAT = "dwarf-with-dsym";
				ENABLE_NS_ASSERTIONS = NO;
				ENABLE_STRICT_OBJC_MSGSEND = YES;
				GCC_C_LANGUAGE_STANDARD = gnu11;
				GCC_NO_COMMON_BLOCKS = YES;
				GCC_WARN_64_TO_32_BIT_CONVERSION = YES;
				GCC_WARN_ABOUT_RETURN_TYPE = YES_ERROR;
				GCC_WARN_UNDECLARED_SELECTOR = YES;
				GCC_WARN_UNINITIALIZED_AUTOS = YES_AGGRESSIVE;
				GCC_WARN_UNUSED_FUNCTION = YES;
				GCC_WARN_UNUSED_VARIABLE = YES;
				IPHONEOS_DEPLOYMENT_TARGET = 11.1;
				MTL_ENABLE_DEBUG_INFO = NO;
				SDKROOT = iphoneos;
				SWIFT_OPTIMIZATION_LEVEL = "-Owholemodule";
				VALIDATE_PRODUCT = YES;
			};
			name = Release;
		};
		A167412A1FCAADAB003B62D1 /* Debug */ = {
			isa = XCBuildConfiguration;
			baseConfigurationReference = 86912A8710B7A6EE74D3CFA8 /* Pods-Smack.debug.xcconfig */;
			buildSettings = {
				ASSETCATALOG_COMPILER_APPICON_NAME = AppIcon;
				CLANG_ENABLE_MODULES = YES;
				CODE_SIGN_STYLE = Automatic;
				INFOPLIST_FILE = Smack/Info.plist;
				LD_RUNPATH_SEARCH_PATHS = "$(inherited) @executable_path/Frameworks";
				PRODUCT_BUNDLE_IDENTIFIER = com.rana.Smack;
				PRODUCT_NAME = "$(TARGET_NAME)";
				SWIFT_OBJC_BRIDGING_HEADER = "Smack/Supporting Files/Smack-Bridging-Header.h";
				SWIFT_OPTIMIZATION_LEVEL = "-Onone";
				SWIFT_VERSION = 4.0;
				TARGETED_DEVICE_FAMILY = "1,2";
			};
			name = Debug;
		};
		A167412B1FCAADAB003B62D1 /* Release */ = {
			isa = XCBuildConfiguration;
			baseConfigurationReference = 38B6A167F4D51C2F2F0FBA76 /* Pods-Smack.release.xcconfig */;
			buildSettings = {
				ASSETCATALOG_COMPILER_APPICON_NAME = AppIcon;
				CLANG_ENABLE_MODULES = YES;
				CODE_SIGN_STYLE = Automatic;
				INFOPLIST_FILE = Smack/Info.plist;
				LD_RUNPATH_SEARCH_PATHS = "$(inherited) @executable_path/Frameworks";
				PRODUCT_BUNDLE_IDENTIFIER = com.rana.Smack;
				PRODUCT_NAME = "$(TARGET_NAME)";
				SWIFT_OBJC_BRIDGING_HEADER = "Smack/Supporting Files/Smack-Bridging-Header.h";
				SWIFT_VERSION = 4.0;
				TARGETED_DEVICE_FAMILY = "1,2";
			};
			name = Release;
		};
/* End XCBuildConfiguration section */

/* Begin XCConfigurationList section */
		A16741121FCAADAB003B62D1 /* Build configuration list for PBXProject "Smack" */ = {
			isa = XCConfigurationList;
			buildConfigurations = (
				A16741271FCAADAB003B62D1 /* Debug */,
				A16741281FCAADAB003B62D1 /* Release */,
			);
			defaultConfigurationIsVisible = 0;
			defaultConfigurationName = Release;
		};
		A16741291FCAADAB003B62D1 /* Build configuration list for PBXNativeTarget "Smack" */ = {
			isa = XCConfigurationList;
			buildConfigurations = (
				A167412A1FCAADAB003B62D1 /* Debug */,
				A167412B1FCAADAB003B62D1 /* Release */,
			);
			defaultConfigurationIsVisible = 0;
			defaultConfigurationName = Release;
		};
/* End XCConfigurationList section */
	};
	rootObject = A167410F1FCAADAB003B62D1 /* Project object */;
}
